
Microsoft Visual Studio Solution File, Format Version 12.00
# Visual Studio Version 16
VisualStudioVersion = 16.0.30717.126
MinimumVisualStudioVersion = 10.0.40219.1
Project("{FAE04EC0-301F-11D3-BF4B-00C04F79EFBC}") = "Word counter", "Word counter\Word counter.csproj", "{240905F0-893A-46A0-95A1-E675C5F60FF5}"
EndProject
Global
	GlobalSection(SolutionConfigurationPlatforms) = preSolution
		Debug|Any CPU = Debug|Any CPU
		Release|Any CPU = Release|Any CPU
	EndGlobalSection
	GlobalSection(ProjectConfigurationPlatforms) = postSolution
		{240905F0-893A-46A0-95A1-E675C5F60FF5}.Debug|Any CPU.ActiveCfg = Debug|Any CPU
		{240905F0-893A-46A0-95A1-E675C5F60FF5}.Debug|Any CPU.Build.0 = Debug|Any CPU
		{240905F0-893A-46A0-95A1-E675C5F60FF5}.Release|Any CPU.ActiveCfg = Release|Any CPU
		{240905F0-893A-46A0-95A1-E675C5F60FF5}.Release|Any CPU.Build.0 = Release|Any CPU
	EndGlobalSection
	GlobalSection(SolutionProperties) = preSolution
		HideSolutionNode = FALSE
	EndGlobalSection
	GlobalSection(ExtensibilityGlobals) = postSolution
		SolutionGuid = {5F071EA5-6C5E-422C-A1DA-CA1A603EB63A}
	EndGlobalSection
EndGlobal
